// !$*UTF8*$!
{
	archiveVersion = 1;
	classes = {
	};
	objectVersion = 55;
	objects = {

/* Begin PBXBuildFile section */
		A50252A49DCCB07829C9C794 /* Pods_NYTimes_NYTimesUITests.framework in Frameworks */ = {isa = PBXBuildFile; fileRef = 5C91D4676A6E0758162A22EA /* Pods_NYTimes_NYTimesUITests.framework */; };
		C4867034AF8038693FC026A6 /* Pods_NYTimes.framework in Frameworks */ = {isa = PBXBuildFile; fileRef = 1B7DC6FDCDBA4D6135F97A41 /* Pods_NYTimes.framework */; };
		D09AD52F286724DD00EA8207 /* AppDelegate.swift in Sources */ = {isa = PBXBuildFile; fileRef = D09AD52E286724DD00EA8207 /* AppDelegate.swift */; };
		D09AD531286724DD00EA8207 /* SceneDelegate.swift in Sources */ = {isa = PBXBuildFile; fileRef = D09AD530286724DD00EA8207 /* SceneDelegate.swift */; };
		D09AD538286724DE00EA8207 /* Assets.xcassets in Resources */ = {isa = PBXBuildFile; fileRef = D09AD537286724DE00EA8207 /* Assets.xcassets */; };
		D09AD53B286724DE00EA8207 /* LaunchScreen.storyboard in Resources */ = {isa = PBXBuildFile; fileRef = D09AD539286724DE00EA8207 /* LaunchScreen.storyboard */; };
		D09AD546286724DF00EA8207 /* NYTimesTests.swift in Sources */ = {isa = PBXBuildFile; fileRef = D09AD545286724DF00EA8207 /* NYTimesTests.swift */; };
		D09AD550286724DF00EA8207 /* NYTimesUITests.swift in Sources */ = {isa = PBXBuildFile; fileRef = D09AD54F286724DF00EA8207 /* NYTimesUITests.swift */; };
		D09AD552286724DF00EA8207 /* NYTimesUITestsLaunchTests.swift in Sources */ = {isa = PBXBuildFile; fileRef = D09AD551286724DF00EA8207 /* NYTimesUITestsLaunchTests.swift */; };
		D09AD5602867256400EA8207 /* Main.storyboard in Resources */ = {isa = PBXBuildFile; fileRef = D09AD55F2867256400EA8207 /* Main.storyboard */; };
		D09AD56A2867259700EA8207 /* StringConstants.swift in Sources */ = {isa = PBXBuildFile; fileRef = D09AD5632867259700EA8207 /* StringConstants.swift */; };
		D09AD56B2867259700EA8207 /* UrlConstants.swift in Sources */ = {isa = PBXBuildFile; fileRef = D09AD5642867259700EA8207 /* UrlConstants.swift */; };
		D09AD56C2867259700EA8207 /* Periods.swift in Sources */ = {isa = PBXBuildFile; fileRef = D09AD5662867259700EA8207 /* Periods.swift */; };
		D09AD56D2867259700EA8207 /* APIService.swift in Sources */ = {isa = PBXBuildFile; fileRef = D09AD5682867259700EA8207 /* APIService.swift */; };
		D09AD56E2867259700EA8207 /* SeviceProtocol.swift in Sources */ = {isa = PBXBuildFile; fileRef = D09AD5692867259700EA8207 /* SeviceProtocol.swift */; };
		D09AD57F2867268400EA8207 /* ArticleDetailsViewModel.swift in Sources */ = {isa = PBXBuildFile; fileRef = D09AD5712867268400EA8207 /* ArticleDetailsViewModel.swift */; };
		D09AD5802867268400EA8207 /* ArticleDetailsViewController.swift in Sources */ = {isa = PBXBuildFile; fileRef = D09AD5732867268400EA8207 /* ArticleDetailsViewController.swift */; };
		D09AD5812867268400EA8207 /* ArticleCell.swift in Sources */ = {isa = PBXBuildFile; fileRef = D09AD5762867268400EA8207 /* ArticleCell.swift */; };
		D09AD5822867268400EA8207 /* ArticleViewModel.swift in Sources */ = {isa = PBXBuildFile; fileRef = D09AD5772867268400EA8207 /* ArticleViewModel.swift */; };
		D09AD5832867268400EA8207 /* MediaMetadata.swift in Sources */ = {isa = PBXBuildFile; fileRef = D09AD5792867268400EA8207 /* MediaMetadata.swift */; };
		D09AD5842867268400EA8207 /* Results.swift in Sources */ = {isa = PBXBuildFile; fileRef = D09AD57A2867268400EA8207 /* Results.swift */; };
		D09AD5852867268400EA8207 /* Media.swift in Sources */ = {isa = PBXBuildFile; fileRef = D09AD57B2867268400EA8207 /* Media.swift */; };
		D09AD5862867268400EA8207 /* Articles.swift in Sources */ = {isa = PBXBuildFile; fileRef = D09AD57C2867268400EA8207 /* Articles.swift */; };
		D09AD5872867268400EA8207 /* ArticleListViewController.swift in Sources */ = {isa = PBXBuildFile; fileRef = D09AD57E2867268400EA8207 /* ArticleListViewController.swift */; };
		D09AD593286726A600EA8207 /* ArticleTests.swift in Sources */ = {isa = PBXBuildFile; fileRef = D09AD589286726A500EA8207 /* ArticleTests.swift */; };
		D09AD594286726A600EA8207 /* ArticleListTests.swift in Sources */ = {isa = PBXBuildFile; fileRef = D09AD58A286726A500EA8207 /* ArticleListTests.swift */; };
		D09AD596286726A600EA8207 /* ArticleListDataSourceTest.swift in Sources */ = {isa = PBXBuildFile; fileRef = D09AD58D286726A500EA8207 /* ArticleListDataSourceTest.swift */; };
		D09AD597286726A600EA8207 /* ArticleListViewModelTest.swift in Sources */ = {isa = PBXBuildFile; fileRef = D09AD58F286726A500EA8207 /* ArticleListViewModelTest.swift */; };
		D09AD598286726A600EA8207 /* MockArticle.swift in Sources */ = {isa = PBXBuildFile; fileRef = D09AD591286726A600EA8207 /* MockArticle.swift */; };
		D09AD599286726A600EA8207 /* MockService.swift in Sources */ = {isa = PBXBuildFile; fileRef = D09AD592286726A600EA8207 /* MockService.swift */; };
		FBC34A5CAC8FD25CC5358BB9 /* Pods_NYTimesTests.framework in Frameworks */ = {isa = PBXBuildFile; fileRef = 14F08314D38A5365483F5F22 /* Pods_NYTimesTests.framework */; };
/* End PBXBuildFile section */

/* Begin PBXContainerItemProxy section */
		D09AD542286724DF00EA8207 /* PBXContainerItemProxy */ = {
			isa = PBXContainerItemProxy;
			containerPortal = D09AD523286724DD00EA8207 /* Project object */;
			proxyType = 1;
			remoteGlobalIDString = D09AD52A286724DD00EA8207;
			remoteInfo = NYTimes;
		};
		D09AD54C286724DF00EA8207 /* PBXContainerItemProxy */ = {
			isa = PBXContainerItemProxy;
			containerPortal = D09AD523286724DD00EA8207 /* Project object */;
			proxyType = 1;
			remoteGlobalIDString = D09AD52A286724DD00EA8207;
			remoteInfo = NYTimes;
		};
/* End PBXContainerItemProxy section */

/* Begin PBXFileReference section */
		109A32DD18DF15F51313FDC2 /* Pods-NYTimesTests.release.xcconfig */ = {isa = PBXFileReference; includeInIndex = 1; lastKnownFileType = text.xcconfig; name = "Pods-NYTimesTests.release.xcconfig"; path = "Target Support Files/Pods-NYTimesTests/Pods-NYTimesTests.release.xcconfig"; sourceTree = "<group>"; };
		14F08314D38A5365483F5F22 /* Pods_NYTimesTests.framework */ = {isa = PBXFileReference; explicitFileType = wrapper.framework; includeInIndex = 0; path = Pods_NYTimesTests.framework; sourceTree = BUILT_PRODUCTS_DIR; };
		1B7DC6FDCDBA4D6135F97A41 /* Pods_NYTimes.framework */ = {isa = PBXFileReference; explicitFileType = wrapper.framework; includeInIndex = 0; path = Pods_NYTimes.framework; sourceTree = BUILT_PRODUCTS_DIR; };
		1E22100C0810059A30E2590A /* Pods-NYTimes-NYTimesUITests.release.xcconfig */ = {isa = PBXFileReference; includeInIndex = 1; lastKnownFileType = text.xcconfig; name = "Pods-NYTimes-NYTimesUITests.release.xcconfig"; path = "Target Support Files/Pods-NYTimes-NYTimesUITests/Pods-NYTimes-NYTimesUITests.release.xcconfig"; sourceTree = "<group>"; };
		5212BDC37A736B0B24E64A10 /* Pods-NYTimes-NYTimesUITests.debug.xcconfig */ = {isa = PBXFileReference; includeInIndex = 1; lastKnownFileType = text.xcconfig; name = "Pods-NYTimes-NYTimesUITests.debug.xcconfig"; path = "Target Support Files/Pods-NYTimes-NYTimesUITests/Pods-NYTimes-NYTimesUITests.debug.xcconfig"; sourceTree = "<group>"; };
		5C91D4676A6E0758162A22EA /* Pods_NYTimes_NYTimesUITests.framework */ = {isa = PBXFileReference; explicitFileType = wrapper.framework; includeInIndex = 0; path = Pods_NYTimes_NYTimesUITests.framework; sourceTree = BUILT_PRODUCTS_DIR; };
		714A0ECDD1136CD268B549F6 /* Pods-NYTimesTests.debug.xcconfig */ = {isa = PBXFileReference; includeInIndex = 1; lastKnownFileType = text.xcconfig; name = "Pods-NYTimesTests.debug.xcconfig"; path = "Target Support Files/Pods-NYTimesTests/Pods-NYTimesTests.debug.xcconfig"; sourceTree = "<group>"; };
		B43DB070E623E63C46823640 /* Pods-NYTimes.release.xcconfig */ = {isa = PBXFileReference; includeInIndex = 1; lastKnownFileType = text.xcconfig; name = "Pods-NYTimes.release.xcconfig"; path = "Target Support Files/Pods-NYTimes/Pods-NYTimes.release.xcconfig"; sourceTree = "<group>"; };
		D09AD52B286724DD00EA8207 /* NYTimes.app */ = {isa = PBXFileReference; explicitFileType = wrapper.application; includeInIndex = 0; path = NYTimes.app; sourceTree = BUILT_PRODUCTS_DIR; };
		D09AD52E286724DD00EA8207 /* AppDelegate.swift */ = {isa = PBXFileReference; lastKnownFileType = sourcecode.swift; path = AppDelegate.swift; sourceTree = "<group>"; };
		D09AD530286724DD00EA8207 /* SceneDelegate.swift */ = {isa = PBXFileReference; lastKnownFileType = sourcecode.swift; path = SceneDelegate.swift; sourceTree = "<group>"; };
		D09AD537286724DE00EA8207 /* Assets.xcassets */ = {isa = PBXFileReference; lastKnownFileType = folder.assetcatalog; path = Assets.xcassets; sourceTree = "<group>"; };
		D09AD53A286724DE00EA8207 /* Base */ = {isa = PBXFileReference; lastKnownFileType = file.storyboard; name = Base; path = Base.lproj/LaunchScreen.storyboard; sourceTree = "<group>"; };
		D09AD53C286724DE00EA8207 /* Info.plist */ = {isa = PBXFileReference; lastKnownFileType = text.plist.xml; path = Info.plist; sourceTree = "<group>"; };
		D09AD541286724DF00EA8207 /* NYTimesTests.xctest */ = {isa = PBXFileReference; explicitFileType = wrapper.cfbundle; includeInIndex = 0; path = NYTimesTests.xctest; sourceTree = BUILT_PRODUCTS_DIR; };
		D09AD545286724DF00EA8207 /* NYTimesTests.swift */ = {isa = PBXFileReference; lastKnownFileType = sourcecode.swift; path = NYTimesTests.swift; sourceTree = "<group>"; };
		D09AD54B286724DF00EA8207 /* NYTimesUITests.xctest */ = {isa = PBXFileReference; explicitFileType = wrapper.cfbundle; includeInIndex = 0; path = NYTimesUITests.xctest; sourceTree = BUILT_PRODUCTS_DIR; };
		D09AD54F286724DF00EA8207 /* NYTimesUITests.swift */ = {isa = PBXFileReference; lastKnownFileType = sourcecode.swift; path = NYTimesUITests.swift; sourceTree = "<group>"; };
		D09AD551286724DF00EA8207 /* NYTimesUITestsLaunchTests.swift */ = {isa = PBXFileReference; lastKnownFileType = sourcecode.swift; path = NYTimesUITestsLaunchTests.swift; sourceTree = "<group>"; };
		D09AD55F2867256400EA8207 /* Main.storyboard */ = {isa = PBXFileReference; fileEncoding = 4; lastKnownFileType = file.storyboard; path = Main.storyboard; sourceTree = "<group>"; };
		D09AD5632867259700EA8207 /* StringConstants.swift */ = {isa = PBXFileReference; fileEncoding = 4; lastKnownFileType = sourcecode.swift; path = StringConstants.swift; sourceTree = "<group>"; };
		D09AD5642867259700EA8207 /* UrlConstants.swift */ = {isa = PBXFileReference; fileEncoding = 4; lastKnownFileType = sourcecode.swift; path = UrlConstants.swift; sourceTree = "<group>"; };
		D09AD5662867259700EA8207 /* Periods.swift */ = {isa = PBXFileReference; fileEncoding = 4; lastKnownFileType = sourcecode.swift; path = Periods.swift; sourceTree = "<group>"; };
		D09AD5682867259700EA8207 /* APIService.swift */ = {isa = PBXFileReference; fileEncoding = 4; lastKnownFileType = sourcecode.swift; path = APIService.swift; sourceTree = "<group>"; };
		D09AD5692867259700EA8207 /* SeviceProtocol.swift */ = {isa = PBXFileReference; fileEncoding = 4; lastKnownFileType = sourcecode.swift; path = SeviceProtocol.swift; sourceTree = "<group>"; };
		D09AD5712867268400EA8207 /* ArticleDetailsViewModel.swift */ = {isa = PBXFileReference; fileEncoding = 4; lastKnownFileType = sourcecode.swift; path = ArticleDetailsViewModel.swift; sourceTree = "<group>"; };
		D09AD5732867268400EA8207 /* ArticleDetailsViewController.swift */ = {isa = PBXFileReference; fileEncoding = 4; lastKnownFileType = sourcecode.swift; path = ArticleDetailsViewController.swift; sourceTree = "<group>"; };
		D09AD5762867268400EA8207 /* ArticleCell.swift */ = {isa = PBXFileReference; fileEncoding = 4; lastKnownFileType = sourcecode.swift; path = ArticleCell.swift; sourceTree = "<group>"; };
		D09AD5772867268400EA8207 /* ArticleViewModel.swift */ = {isa = PBXFileReference; fileEncoding = 4; lastKnownFileType = sourcecode.swift; path = ArticleViewModel.swift; sourceTree = "<group>"; };
		D09AD5792867268400EA8207 /* MediaMetadata.swift */ = {isa = PBXFileReference; fileEncoding = 4; lastKnownFileType = sourcecode.swift; path = MediaMetadata.swift; sourceTree = "<group>"; };
		D09AD57A2867268400EA8207 /* Results.swift */ = {isa = PBXFileReference; fileEncoding = 4; lastKnownFileType = sourcecode.swift; path = Results.swift; sourceTree = "<group>"; };
		D09AD57B2867268400EA8207 /* Media.swift */ = {isa = PBXFileReference; fileEncoding = 4; lastKnownFileType = sourcecode.swift; path = Media.swift; sourceTree = "<group>"; };
		D09AD57C2867268400EA8207 /* Articles.swift */ = {isa = PBXFileReference; fileEncoding = 4; lastKnownFileType = sourcecode.swift; path = Articles.swift; sourceTree = "<group>"; };
		D09AD57E2867268400EA8207 /* ArticleListViewController.swift */ = {isa = PBXFileReference; fileEncoding = 4; lastKnownFileType = sourcecode.swift; path = ArticleListViewController.swift; sourceTree = "<group>"; };
		D09AD589286726A500EA8207 /* ArticleTests.swift */ = {isa = PBXFileReference; fileEncoding = 4; lastKnownFileType = sourcecode.swift; path = ArticleTests.swift; sourceTree = "<group>"; };
		D09AD58A286726A500EA8207 /* ArticleListTests.swift */ = {isa = PBXFileReference; fileEncoding = 4; lastKnownFileType = sourcecode.swift; path = ArticleListTests.swift; sourceTree = "<group>"; };
		D09AD58D286726A500EA8207 /* ArticleListDataSourceTest.swift */ = {isa = PBXFileReference; fileEncoding = 4; lastKnownFileType = sourcecode.swift; path = ArticleListDataSourceTest.swift; sourceTree = "<group>"; };
		D09AD58F286726A500EA8207 /* ArticleListViewModelTest.swift */ = {isa = PBXFileReference; fileEncoding = 4; lastKnownFileType = sourcecode.swift; path = ArticleListViewModelTest.swift; sourceTree = "<group>"; };
		D09AD591286726A600EA8207 /* MockArticle.swift */ = {isa = PBXFileReference; fileEncoding = 4; lastKnownFileType = sourcecode.swift; path = MockArticle.swift; sourceTree = "<group>"; };
		D09AD592286726A600EA8207 /* MockService.swift */ = {isa = PBXFileReference; fileEncoding = 4; lastKnownFileType = sourcecode.swift; path = MockService.swift; sourceTree = "<group>"; };
		E11C7596086ECEA1014A7570 /* Pods-NYTimes.debug.xcconfig */ = {isa = PBXFileReference; includeInIndex = 1; lastKnownFileType = text.xcconfig; name = "Pods-NYTimes.debug.xcconfig"; path = "Target Support Files/Pods-NYTimes/Pods-NYTimes.debug.xcconfig"; sourceTree = "<group>"; };
/* End PBXFileReference section */

/* Begin PBXFrameworksBuildPhase section */
		D09AD528286724DD00EA8207 /* Frameworks */ = {
			isa = PBXFrameworksBuildPhase;
			buildActionMask = 2147483647;
			files = (
				C4867034AF8038693FC026A6 /* Pods_NYTimes.framework in Frameworks */,
			);
			runOnlyForDeploymentPostprocessing = 0;
		};
		D09AD53E286724DF00EA8207 /* Frameworks */ = {
			isa = PBXFrameworksBuildPhase;
			buildActionMask = 2147483647;
			files = (
				FBC34A5CAC8FD25CC5358BB9 /* Pods_NYTimesTests.framework in Frameworks */,
			);
			runOnlyForDeploymentPostprocessing = 0;
		};
		D09AD548286724DF00EA8207 /* Frameworks */ = {
			isa = PBXFrameworksBuildPhase;
			buildActionMask = 2147483647;
			files = (
				A50252A49DCCB07829C9C794 /* Pods_NYTimes_NYTimesUITests.framework in Frameworks */,
			);
			runOnlyForDeploymentPostprocessing = 0;
		};
/* End PBXFrameworksBuildPhase section */

/* Begin PBXGroup section */
		90125F1BBDC842CE94EEF28F /* Pods */ = {
			isa = PBXGroup;
			children = (
				E11C7596086ECEA1014A7570 /* Pods-NYTimes.debug.xcconfig */,
				B43DB070E623E63C46823640 /* Pods-NYTimes.release.xcconfig */,
				5212BDC37A736B0B24E64A10 /* Pods-NYTimes-NYTimesUITests.debug.xcconfig */,
				1E22100C0810059A30E2590A /* Pods-NYTimes-NYTimesUITests.release.xcconfig */,
				714A0ECDD1136CD268B549F6 /* Pods-NYTimesTests.debug.xcconfig */,
				109A32DD18DF15F51313FDC2 /* Pods-NYTimesTests.release.xcconfig */,
			);
			name = Pods;
			path = Pods;
			sourceTree = "<group>";
		};
		D09AD522286724DD00EA8207 = {
			isa = PBXGroup;
			children = (
				D09AD52D286724DD00EA8207 /* NYTimes */,
				D09AD544286724DF00EA8207 /* NYTimesTests */,
				D09AD54E286724DF00EA8207 /* NYTimesUITests */,
				D09AD52C286724DD00EA8207 /* Products */,
				90125F1BBDC842CE94EEF28F /* Pods */,
				DB45A52C909BB6043452726D /* Frameworks */,
			);
			sourceTree = "<group>";
		};
		D09AD52C286724DD00EA8207 /* Products */ = {
			isa = PBXGroup;
			children = (
				D09AD52B286724DD00EA8207 /* NYTimes.app */,
				D09AD541286724DF00EA8207 /* NYTimesTests.xctest */,
				D09AD54B286724DF00EA8207 /* NYTimesUITests.xctest */,
			);
			name = Products;
			sourceTree = "<group>";
		};
		D09AD52D286724DD00EA8207 /* NYTimes */ = {
			isa = PBXGroup;
			children = (
				D09AD5612867259700EA8207 /* Utility */,
				D09AD55E2867254200EA8207 /* Resources */,
				D09AD56F2867268400EA8207 /* ArticleDetails */,
				D09AD5742867268400EA8207 /* ArticleList */,
				D09AD52E286724DD00EA8207 /* AppDelegate.swift */,
				D09AD530286724DD00EA8207 /* SceneDelegate.swift */,
				D09AD53C286724DE00EA8207 /* Info.plist */,
			);
			path = NYTimes;
			sourceTree = "<group>";
		};
		D09AD544286724DF00EA8207 /* NYTimesTests */ = {
			isa = PBXGroup;
			children = (
				D09AD590286726A600EA8207 /* Mock */,
				D09AD588286726A500EA8207 /* Models */,
				D09AD58C286726A500EA8207 /* ArticleList */,
				D09AD58E286726A500EA8207 /* ViewModels */,
				D09AD545286724DF00EA8207 /* NYTimesTests.swift */,
			);
			path = NYTimesTests;
			sourceTree = "<group>";
		};
		D09AD54E286724DF00EA8207 /* NYTimesUITests */ = {
			isa = PBXGroup;
			children = (
				D09AD54F286724DF00EA8207 /* NYTimesUITests.swift */,
				D09AD551286724DF00EA8207 /* NYTimesUITestsLaunchTests.swift */,
			);
			path = NYTimesUITests;
			sourceTree = "<group>";
		};
		D09AD55E2867254200EA8207 /* Resources */ = {
			isa = PBXGroup;
			children = (
				D09AD537286724DE00EA8207 /* Assets.xcassets */,
				D09AD539286724DE00EA8207 /* LaunchScreen.storyboard */,
				D09AD55F2867256400EA8207 /* Main.storyboard */,
			);
			path = Resources;
			sourceTree = "<group>";
		};
		D09AD5612867259700EA8207 /* Utility */ = {
			isa = PBXGroup;
			children = (
				D09AD5622867259700EA8207 /* Constants */,
				D09AD5652867259700EA8207 /* Enums */,
				D09AD5672867259700EA8207 /* Services */,
			);
			path = Utility;
			sourceTree = "<group>";
		};
		D09AD5622867259700EA8207 /* Constants */ = {
			isa = PBXGroup;
			children = (
				D09AD5632867259700EA8207 /* StringConstants.swift */,
				D09AD5642867259700EA8207 /* UrlConstants.swift */,
			);
			path = Constants;
			sourceTree = "<group>";
		};
		D09AD5652867259700EA8207 /* Enums */ = {
			isa = PBXGroup;
			children = (
				D09AD5662867259700EA8207 /* Periods.swift */,
			);
			path = Enums;
			sourceTree = "<group>";
		};
		D09AD5672867259700EA8207 /* Services */ = {
			isa = PBXGroup;
			children = (
				D09AD5682867259700EA8207 /* APIService.swift */,
				D09AD5692867259700EA8207 /* SeviceProtocol.swift */,
			);
			path = Services;
			sourceTree = "<group>";
		};
		D09AD56F2867268400EA8207 /* ArticleDetails */ = {
			isa = PBXGroup;
			children = (
				D09AD5702867268400EA8207 /* ViewModels */,
				D09AD5722867268400EA8207 /* Views */,
			);
			path = ArticleDetails;
			sourceTree = "<group>";
		};
		D09AD5702867268400EA8207 /* ViewModels */ = {
			isa = PBXGroup;
			children = (
				D09AD5712867268400EA8207 /* ArticleDetailsViewModel.swift */,
			);
			path = ViewModels;
			sourceTree = "<group>";
		};
		D09AD5722867268400EA8207 /* Views */ = {
			isa = PBXGroup;
			children = (
				D09AD5732867268400EA8207 /* ArticleDetailsViewController.swift */,
			);
			path = Views;
			sourceTree = "<group>";
		};
		D09AD5742867268400EA8207 /* ArticleList */ = {
			isa = PBXGroup;
			children = (
				D09AD5752867268400EA8207 /* ViewModel */,
				D09AD5782867268400EA8207 /* Models */,
				D09AD57D2867268400EA8207 /* views */,
			);
			path = ArticleList;
			sourceTree = "<group>";
		};
		D09AD5752867268400EA8207 /* ViewModel */ = {
			isa = PBXGroup;
			children = (
				D09AD5762867268400EA8207 /* ArticleCell.swift */,
				D09AD5772867268400EA8207 /* ArticleViewModel.swift */,
			);
			path = ViewModel;
			sourceTree = "<group>";
		};
		D09AD5782867268400EA8207 /* Models */ = {
			isa = PBXGroup;
			children = (
				D09AD5792867268400EA8207 /* MediaMetadata.swift */,
				D09AD57A2867268400EA8207 /* Results.swift */,
				D09AD57B2867268400EA8207 /* Media.swift */,
				D09AD57C2867268400EA8207 /* Articles.swift */,
			);
			path = Models;
			sourceTree = "<group>";
		};
		D09AD57D2867268400EA8207 /* views */ = {
			isa = PBXGroup;
			children = (
				D09AD57E2867268400EA8207 /* ArticleListViewController.swift */,
			);
			path = views;
			sourceTree = "<group>";
		};
		D09AD588286726A500EA8207 /* Models */ = {
			isa = PBXGroup;
			children = (
				D09AD589286726A500EA8207 /* ArticleTests.swift */,
				D09AD58A286726A500EA8207 /* ArticleListTests.swift */,
			);
			path = Models;
			sourceTree = "<group>";
		};
		D09AD58C286726A500EA8207 /* ArticleList */ = {
			isa = PBXGroup;
			children = (
				D09AD58D286726A500EA8207 /* ArticleListDataSourceTest.swift */,
			);
			path = ArticleList;
			sourceTree = "<group>";
		};
		D09AD58E286726A500EA8207 /* ViewModels */ = {
			isa = PBXGroup;
			children = (
				D09AD58F286726A500EA8207 /* ArticleListViewModelTest.swift */,
			);
			path = ViewModels;
			sourceTree = "<group>";
		};
		D09AD590286726A600EA8207 /* Mock */ = {
			isa = PBXGroup;
			children = (
				D09AD591286726A600EA8207 /* MockArticle.swift */,
				D09AD592286726A600EA8207 /* MockService.swift */,
			);
			path = Mock;
			sourceTree = "<group>";
		};
		DB45A52C909BB6043452726D /* Frameworks */ = {
			isa = PBXGroup;
			children = (
				1B7DC6FDCDBA4D6135F97A41 /* Pods_NYTimes.framework */,
				5C91D4676A6E0758162A22EA /* Pods_NYTimes_NYTimesUITests.framework */,
				14F08314D38A5365483F5F22 /* Pods_NYTimesTests.framework */,
			);
			name = Frameworks;
			sourceTree = "<group>";
		};
/* End PBXGroup section */

/* Begin PBXNativeTarget section */
		D09AD52A286724DD00EA8207 /* NYTimes */ = {
			isa = PBXNativeTarget;
			buildConfigurationList = D09AD555286724DF00EA8207 /* Build configuration list for PBXNativeTarget "NYTimes" */;
			buildPhases = (
				34E8F68B52286AEEC4D3DAE9 /* [CP] Check Pods Manifest.lock */,
				D09AD527286724DD00EA8207 /* Sources */,
				D09AD528286724DD00EA8207 /* Frameworks */,
				D09AD529286724DD00EA8207 /* Resources */,
				D25FF93B7284959A4F0EEB34 /* [CP] Embed Pods Frameworks */,
			);
			buildRules = (
			);
			dependencies = (
			);
			name = NYTimes;
			productName = NYTimes;
			productReference = D09AD52B286724DD00EA8207 /* NYTimes.app */;
			productType = "com.apple.product-type.application";
		};
		D09AD540286724DF00EA8207 /* NYTimesTests */ = {
			isa = PBXNativeTarget;
			buildConfigurationList = D09AD558286724DF00EA8207 /* Build configuration list for PBXNativeTarget "NYTimesTests" */;
			buildPhases = (
				494AECFA1384D885A19B87F9 /* [CP] Check Pods Manifest.lock */,
				D09AD53D286724DF00EA8207 /* Sources */,
				D09AD53E286724DF00EA8207 /* Frameworks */,
				D09AD53F286724DF00EA8207 /* Resources */,
			);
			buildRules = (
			);
			dependencies = (
				D09AD543286724DF00EA8207 /* PBXTargetDependency */,
			);
			name = NYTimesTests;
			productName = NYTimesTests;
			productReference = D09AD541286724DF00EA8207 /* NYTimesTests.xctest */;
			productType = "com.apple.product-type.bundle.unit-test";
		};
		D09AD54A286724DF00EA8207 /* NYTimesUITests */ = {
			isa = PBXNativeTarget;
			buildConfigurationList = D09AD55B286724DF00EA8207 /* Build configuration list for PBXNativeTarget "NYTimesUITests" */;
			buildPhases = (
				5ACBD6CC73A37EFB38D034FE /* [CP] Check Pods Manifest.lock */,
				D09AD547286724DF00EA8207 /* Sources */,
				D09AD548286724DF00EA8207 /* Frameworks */,
				D09AD549286724DF00EA8207 /* Resources */,
				666CAC0675A8FFF47B538E4A /* [CP] Embed Pods Frameworks */,
			);
			buildRules = (
			);
			dependencies = (
				D09AD54D286724DF00EA8207 /* PBXTargetDependency */,
			);
			name = NYTimesUITests;
			productName = NYTimesUITests;
			productReference = D09AD54B286724DF00EA8207 /* NYTimesUITests.xctest */;
			productType = "com.apple.product-type.bundle.ui-testing";
		};
/* End PBXNativeTarget section */

/* Begin PBXProject section */
		D09AD523286724DD00EA8207 /* Project object */ = {
			isa = PBXProject;
			attributes = {
				BuildIndependentTargetsInParallel = 1;
				LastSwiftUpdateCheck = 1330;
				LastUpgradeCheck = 1330;
				TargetAttributes = {
					D09AD52A286724DD00EA8207 = {
						CreatedOnToolsVersion = 13.3.1;
					};
					D09AD540286724DF00EA8207 = {
						CreatedOnToolsVersion = 13.3.1;
						TestTargetID = D09AD52A286724DD00EA8207;
					};
					D09AD54A286724DF00EA8207 = {
						CreatedOnToolsVersion = 13.3.1;
						TestTargetID = D09AD52A286724DD00EA8207;
					};
				};
			};
			buildConfigurationList = D09AD526286724DD00EA8207 /* Build configuration list for PBXProject "NYTimes" */;
			compatibilityVersion = "Xcode 13.0";
			developmentRegion = en;
			hasScannedForEncodings = 0;
			knownRegions = (
				en,
				Base,
			);
			mainGroup = D09AD522286724DD00EA8207;
			productRefGroup = D09AD52C286724DD00EA8207 /* Products */;
			projectDirPath = "";
			projectRoot = "";
			targets = (
				D09AD52A286724DD00EA8207 /* NYTimes */,
				D09AD540286724DF00EA8207 /* NYTimesTests */,
				D09AD54A286724DF00EA8207 /* NYTimesUITests */,
			);
		};
/* End PBXProject section */

/* Begin PBXResourcesBuildPhase section */
		D09AD529286724DD00EA8207 /* Resources */ = {
			isa = PBXResourcesBuildPhase;
			buildActionMask = 2147483647;
			files = (
				D09AD53B286724DE00EA8207 /* LaunchScreen.storyboard in Resources */,
				D09AD538286724DE00EA8207 /* Assets.xcassets in Resources */,
				D09AD5602867256400EA8207 /* Main.storyboard in Resources */,
			);
			runOnlyForDeploymentPostprocessing = 0;
		};
		D09AD53F286724DF00EA8207 /* Resources */ = {
			isa = PBXResourcesBuildPhase;
			buildActionMask = 2147483647;
			files = (
			);
			runOnlyForDeploymentPostprocessing = 0;
		};
		D09AD549286724DF00EA8207 /* Resources */ = {
			isa = PBXResourcesBuildPhase;
			buildActionMask = 2147483647;
			files = (
			);
			runOnlyForDeploymentPostprocessing = 0;
		};
/* End PBXResourcesBuildPhase section */

/* Begin PBXShellScriptBuildPhase section */
		34E8F68B52286AEEC4D3DAE9 /* [CP] Check Pods Manifest.lock */ = {
			isa = PBXShellScriptBuildPhase;
			buildActionMask = 2147483647;
			files = (
			);
			inputFileListPaths = (
			);
			inputPaths = (
				"${PODS_PODFILE_DIR_PATH}/Podfile.lock",
				"${PODS_ROOT}/Manifest.lock",
			);
			name = "[CP] Check Pods Manifest.lock";
			outputFileListPaths = (
			);
			outputPaths = (
				"$(DERIVED_FILE_DIR)/Pods-NYTimes-checkManifestLockResult.txt",
			);
			runOnlyForDeploymentPostprocessing = 0;
			shellPath = /bin/sh;
			shellScript = "diff \"${PODS_PODFILE_DIR_PATH}/Podfile.lock\" \"${PODS_ROOT}/Manifest.lock\" > /dev/null\nif [ $? != 0 ] ; then\n    # print error to STDERR\n    echo \"error: The sandbox is not in sync with the Podfile.lock. Run 'pod install' or update your CocoaPods installation.\" >&2\n    exit 1\nfi\n# This output is used by Xcode 'outputs' to avoid re-running this script phase.\necho \"SUCCESS\" > \"${SCRIPT_OUTPUT_FILE_0}\"\n";
			showEnvVarsInLog = 0;
		};
		494AECFA1384D885A19B87F9 /* [CP] Check Pods Manifest.lock */ = {
			isa = PBXShellScriptBuildPhase;
			buildActionMask = 2147483647;
			files = (
			);
			inputFileListPaths = (
			);
			inputPaths = (
				"${PODS_PODFILE_DIR_PATH}/Podfile.lock",
				"${PODS_ROOT}/Manifest.lock",
			);
			name = "[CP] Check Pods Manifest.lock";
			outputFileListPaths = (
			);
			outputPaths = (
				"$(DERIVED_FILE_DIR)/Pods-NYTimesTests-checkManifestLockResult.txt",
			);
			runOnlyForDeploymentPostprocessing = 0;
			shellPath = /bin/sh;
			shellScript = "diff \"${PODS_PODFILE_DIR_PATH}/Podfile.lock\" \"${PODS_ROOT}/Manifest.lock\" > /dev/null\nif [ $? != 0 ] ; then\n    # print error to STDERR\n    echo \"error: The sandbox is not in sync with the Podfile.lock. Run 'pod install' or update your CocoaPods installation.\" >&2\n    exit 1\nfi\n# This output is used by Xcode 'outputs' to avoid re-running this script phase.\necho \"SUCCESS\" > \"${SCRIPT_OUTPUT_FILE_0}\"\n";
			showEnvVarsInLog = 0;
		};
		5ACBD6CC73A37EFB38D034FE /* [CP] Check Pods Manifest.lock */ = {
			isa = PBXShellScriptBuildPhase;
			buildActionMask = 2147483647;
			files = (
			);
			inputFileListPaths = (
			);
			inputPaths = (
				"${PODS_PODFILE_DIR_PATH}/Podfile.lock",
				"${PODS_ROOT}/Manifest.lock",
			);
			name = "[CP] Check Pods Manifest.lock";
			outputFileListPaths = (
			);
			outputPaths = (
				"$(DERIVED_FILE_DIR)/Pods-NYTimes-NYTimesUITests-checkManifestLockResult.txt",
			);
			runOnlyForDeploymentPostprocessing = 0;
			shellPath = /bin/sh;
			shellScript = "diff \"${PODS_PODFILE_DIR_PATH}/Podfile.lock\" \"${PODS_ROOT}/Manifest.lock\" > /dev/null\nif [ $? != 0 ] ; then\n    # print error to STDERR\n    echo \"error: The sandbox is not in sync with the Podfile.lock. Run 'pod install' or update your CocoaPods installation.\" >&2\n    exit 1\nfi\n# This output is used by Xcode 'outputs' to avoid re-running this script phase.\necho \"SUCCESS\" > \"${SCRIPT_OUTPUT_FILE_0}\"\n";
			showEnvVarsInLog = 0;
		};
		666CAC0675A8FFF47B538E4A /* [CP] Embed Pods Frameworks */ = {
			isa = PBXShellScriptBuildPhase;
			buildActionMask = 2147483647;
			files = (
			);
			inputFileListPaths = (
				"${PODS_ROOT}/Target Support Files/Pods-NYTimes-NYTimesUITests/Pods-NYTimes-NYTimesUITests-frameworks-${CONFIGURATION}-input-files.xcfilelist",
			);
			name = "[CP] Embed Pods Frameworks";
			outputFileListPaths = (
				"${PODS_ROOT}/Target Support Files/Pods-NYTimes-NYTimesUITests/Pods-NYTimes-NYTimesUITests-frameworks-${CONFIGURATION}-output-files.xcfilelist",
			);
			runOnlyForDeploymentPostprocessing = 0;
			shellPath = /bin/sh;
			shellScript = "\"${PODS_ROOT}/Target Support Files/Pods-NYTimes-NYTimesUITests/Pods-NYTimes-NYTimesUITests-frameworks.sh\"\n";
			showEnvVarsInLog = 0;
		};
		D25FF93B7284959A4F0EEB34 /* [CP] Embed Pods Frameworks */ = {
			isa = PBXShellScriptBuildPhase;
			buildActionMask = 2147483647;
			files = (
			);
			inputFileListPaths = (
				"${PODS_ROOT}/Target Support Files/Pods-NYTimes/Pods-NYTimes-frameworks-${CONFIGURATION}-input-files.xcfilelist",
			);
			name = "[CP] Embed Pods Frameworks";
			outputFileListPaths = (
				"${PODS_ROOT}/Target Support Files/Pods-NYTimes/Pods-NYTimes-frameworks-${CONFIGURATION}-output-files.xcfilelist",
			);
			runOnlyForDeploymentPostprocessing = 0;
			shellPath = /bin/sh;
			shellScript = "\"${PODS_ROOT}/Target Support Files/Pods-NYTimes/Pods-NYTimes-frameworks.sh\"\n";
			showEnvVarsInLog = 0;
		};
/* End PBXShellScriptBuildPhase section */

/* Begin PBXSourcesBuildPhase section */
		D09AD527286724DD00EA8207 /* Sources */ = {
			isa = PBXSourcesBuildPhase;
			buildActionMask = 2147483647;
			files = (
				D09AD5862867268400EA8207 /* Articles.swift in Sources */,
				D09AD56E2867259700EA8207 /* SeviceProtocol.swift in Sources */,
				D09AD57F2867268400EA8207 /* ArticleDetailsViewModel.swift in Sources */,
				D09AD5872867268400EA8207 /* ArticleListViewController.swift in Sources */,
				D09AD56A2867259700EA8207 /* StringConstants.swift in Sources */,
				D09AD56D2867259700EA8207 /* APIService.swift in Sources */,
				D09AD5802867268400EA8207 /* ArticleDetailsViewController.swift in Sources */,
				D09AD56B2867259700EA8207 /* UrlConstants.swift in Sources */,
				D09AD52F286724DD00EA8207 /* AppDelegate.swift in Sources */,
				D09AD56C2867259700EA8207 /* Periods.swift in Sources */,
				D09AD5822867268400EA8207 /* ArticleViewModel.swift in Sources */,
				D09AD5842867268400EA8207 /* Results.swift in Sources */,
				D09AD531286724DD00EA8207 /* SceneDelegate.swift in Sources */,
				D09AD5812867268400EA8207 /* ArticleCell.swift in Sources */,
				D09AD5832867268400EA8207 /* MediaMetadata.swift in Sources */,
				D09AD5852867268400EA8207 /* Media.swift in Sources */,
			);
			runOnlyForDeploymentPostprocessing = 0;
		};
		D09AD53D286724DF00EA8207 /* Sources */ = {
			isa = PBXSourcesBuildPhase;
			buildActionMask = 2147483647;
			files = (
				D09AD594286726A600EA8207 /* ArticleListTests.swift in Sources */,
				D09AD593286726A600EA8207 /* ArticleTests.swift in Sources */,
				D09AD597286726A600EA8207 /* ArticleListViewModelTest.swift in Sources */,
				D09AD596286726A600EA8207 /* ArticleListDataSourceTest.swift in Sources */,
				D09AD546286724DF00EA8207 /* NYTimesTests.swift in Sources */,
				D09AD598286726A600EA8207 /* MockArticle.swift in Sources */,
				D09AD599286726A600EA8207 /* MockService.swift in Sources */,
			);
			runOnlyForDeploymentPostprocessing = 0;
		};
		D09AD547286724DF00EA8207 /* Sources */ = {
			isa = PBXSourcesBuildPhase;
			buildActionMask = 2147483647;
			files = (
				D09AD552286724DF00EA8207 /* NYTimesUITestsLaunchTests.swift in Sources */,
				D09AD550286724DF00EA8207 /* NYTimesUITests.swift in Sources */,
			);
			runOnlyForDeploymentPostprocessing = 0;
		};
/* End PBXSourcesBuildPhase section */

/* Begin PBXTargetDependency section */
		D09AD543286724DF00EA8207 /* PBXTargetDependency */ = {
			isa = PBXTargetDependency;
			target = D09AD52A286724DD00EA8207 /* NYTimes */;
			targetProxy = D09AD542286724DF00EA8207 /* PBXContainerItemProxy */;
		};
		D09AD54D286724DF00EA8207 /* PBXTargetDependency */ = {
			isa = PBXTargetDependency;
			target = D09AD52A286724DD00EA8207 /* NYTimes */;
			targetProxy = D09AD54C286724DF00EA8207 /* PBXContainerItemProxy */;
		};
/* End PBXTargetDependency section */

/* Begin PBXVariantGroup section */
		D09AD539286724DE00EA8207 /* LaunchScreen.storyboard */ = {
			isa = PBXVariantGroup;
			children = (
				D09AD53A286724DE00EA8207 /* Base */,
			);
			name = LaunchScreen.storyboard;
			sourceTree = "<group>";
		};
/* End PBXVariantGroup section */

/* Begin XCBuildConfiguration section */
		D09AD553286724DF00EA8207 /* Debug */ = {
			isa = XCBuildConfiguration;
			buildSettings = {
				ALWAYS_SEARCH_USER_PATHS = NO;
				CLANG_ANALYZER_NONNULL = YES;
				CLANG_ANALYZER_NUMBER_OBJECT_CONVERSION = YES_AGGRESSIVE;
				CLANG_CXX_LANGUAGE_STANDARD = "gnu++17";
				CLANG_ENABLE_MODULES = YES;
				CLANG_ENABLE_OBJC_ARC = YES;
				CLANG_ENABLE_OBJC_WEAK = YES;
				CLANG_WARN_BLOCK_CAPTURE_AUTORELEASING = YES;
				CLANG_WARN_BOOL_CONVERSION = YES;
				CLANG_WARN_COMMA = YES;
				CLANG_WARN_CONSTANT_CONVERSION = YES;
				CLANG_WARN_DEPRECATED_OBJC_IMPLEMENTATIONS = YES;
				CLANG_WARN_DIRECT_OBJC_ISA_USAGE = YES_ERROR;
				CLANG_WARN_DOCUMENTATION_COMMENTS = YES;
				CLANG_WARN_EMPTY_BODY = YES;
				CLANG_WARN_ENUM_CONVERSION = YES;
				CLANG_WARN_INFINITE_RECURSION = YES;
				CLANG_WARN_INT_CONVERSION = YES;
				CLANG_WARN_NON_LITERAL_NULL_CONVERSION = YES;
				CLANG_WARN_OBJC_IMPLICIT_RETAIN_SELF = YES;
				CLANG_WARN_OBJC_LITERAL_CONVERSION = YES;
				CLANG_WARN_OBJC_ROOT_CLASS = YES_ERROR;
				CLANG_WARN_QUOTED_INCLUDE_IN_FRAMEWORK_HEADER = YES;
				CLANG_WARN_RANGE_LOOP_ANALYSIS = YES;
				CLANG_WARN_STRICT_PROTOTYPES = YES;
				CLANG_WARN_SUSPICIOUS_MOVE = YES;
				CLANG_WARN_UNGUARDED_AVAILABILITY = YES_AGGRESSIVE;
				CLANG_WARN_UNREACHABLE_CODE = YES;
				CLANG_WARN__DUPLICATE_METHOD_MATCH = YES;
				COPY_PHASE_STRIP = NO;
				DEBUG_INFORMATION_FORMAT = dwarf;
				ENABLE_STRICT_OBJC_MSGSEND = YES;
				ENABLE_TESTABILITY = YES;
				GCC_C_LANGUAGE_STANDARD = gnu11;
				GCC_DYNAMIC_NO_PIC = NO;
				GCC_NO_COMMON_BLOCKS = YES;
				GCC_OPTIMIZATION_LEVEL = 0;
				GCC_PREPROCESSOR_DEFINITIONS = (
					"DEBUG=1",
					"$(inherited)",
				);
				GCC_WARN_64_TO_32_BIT_CONVERSION = YES;
				GCC_WARN_ABOUT_RETURN_TYPE = YES_ERROR;
				GCC_WARN_UNDECLARED_SELECTOR = YES;
				GCC_WARN_UNINITIALIZED_AUTOS = YES_AGGRESSIVE;
				GCC_WARN_UNUSED_FUNCTION = YES;
				GCC_WARN_UNUSED_VARIABLE = YES;
				IPHONEOS_DEPLOYMENT_TARGET = 15.4;
				MTL_ENABLE_DEBUG_INFO = INCLUDE_SOURCE;
				MTL_FAST_MATH = YES;
				ONLY_ACTIVE_ARCH = YES;
				SDKROOT = iphoneos;
				SWIFT_ACTIVE_COMPILATION_CONDITIONS = DEBUG;
				SWIFT_OPTIMIZATION_LEVEL = "-Onone";
			};
			name = Debug;
		};
		D09AD554286724DF00EA8207 /* Release */ = {
			isa = XCBuildConfiguration;
			buildSettings = {
				ALWAYS_SEARCH_USER_PATHS = NO;
				CLANG_ANALYZER_NONNULL = YES;
				CLANG_ANALYZER_NUMBER_OBJECT_CONVERSION = YES_AGGRESSIVE;
				CLANG_CXX_LANGUAGE_STANDARD = "gnu++17";
				CLANG_ENABLE_MODULES = YES;
				CLANG_ENABLE_OBJC_ARC = YES;
				CLANG_ENABLE_OBJC_WEAK = YES;
				CLANG_WARN_BLOCK_CAPTURE_AUTORELEASING = YES;
				CLANG_WARN_BOOL_CONVERSION = YES;
				CLANG_WARN_COMMA = YES;
				CLANG_WARN_CONSTANT_CONVERSION = YES;
				CLANG_WARN_DEPRECATED_OBJC_IMPLEMENTATIONS = YES;
				CLANG_WARN_DIRECT_OBJC_ISA_USAGE = YES_ERROR;
				CLANG_WARN_DOCUMENTATION_COMMENTS = YES;
				CLANG_WARN_EMPTY_BODY = YES;
				CLANG_WARN_ENUM_CONVERSION = YES;
				CLANG_WARN_INFINITE_RECURSION = YES;
				CLANG_WARN_INT_CONVERSION = YES;
				CLANG_WARN_NON_LITERAL_NULL_CONVERSION = YES;
				CLANG_WARN_OBJC_IMPLICIT_RETAIN_SELF = YES;
				CLANG_WARN_OBJC_LITERAL_CONVERSION = YES;
				CLANG_WARN_OBJC_ROOT_CLASS = YES_ERROR;
				CLANG_WARN_QUOTED_INCLUDE_IN_FRAMEWORK_HEADER = YES;
				CLANG_WARN_RANGE_LOOP_ANALYSIS = YES;
				CLANG_WARN_STRICT_PROTOTYPES = YES;
				CLANG_WARN_SUSPICIOUS_MOVE = YES;
				CLANG_WARN_UNGUARDED_AVAILABILITY = YES_AGGRESSIVE;
				CLANG_WARN_UNREACHABLE_CODE = YES;
				CLANG_WARN__DUPLICATE_METHOD_MATCH = YES;
				COPY_PHASE_STRIP = NO;
				DEBUG_INFORMATION_FORMAT = "dwarf-with-dsym";
				ENABLE_NS_ASSERTIONS = NO;
				ENABLE_STRICT_OBJC_MSGSEND = YES;
				GCC_C_LANGUAGE_STANDARD = gnu11;
				GCC_NO_COMMON_BLOCKS = YES;
				GCC_WARN_64_TO_32_BIT_CONVERSION = YES;
				GCC_WARN_ABOUT_RETURN_TYPE = YES_ERROR;
				GCC_WARN_UNDECLARED_SELECTOR = YES;
				GCC_WARN_UNINITIALIZED_AUTOS = YES_AGGRESSIVE;
				GCC_WARN_UNUSED_FUNCTION = YES;
				GCC_WARN_UNUSED_VARIABLE = YES;
				IPHONEOS_DEPLOYMENT_TARGET = 15.4;
				MTL_ENABLE_DEBUG_INFO = NO;
				MTL_FAST_MATH = YES;
				SDKROOT = iphoneos;
				SWIFT_COMPILATION_MODE = wholemodule;
				SWIFT_OPTIMIZATION_LEVEL = "-O";
				VALIDATE_PRODUCT = YES;
			};
			name = Release;
		};
		D09AD556286724DF00EA8207 /* Debug */ = {
			isa = XCBuildConfiguration;
			baseConfigurationReference = E11C7596086ECEA1014A7570 /* Pods-NYTimes.debug.xcconfig */;
			buildSettings = {
				ASSETCATALOG_COMPILER_APPICON_NAME = AppIcon;
				ASSETCATALOG_COMPILER_GLOBAL_ACCENT_COLOR_NAME = AccentColor;
				CODE_SIGN_STYLE = Automatic;
				CURRENT_PROJECT_VERSION = 1;
				DEVELOPMENT_TEAM = 6AFM8FNBAY;
				GENERATE_INFOPLIST_FILE = YES;
				INFOPLIST_FILE = NYTimes/Info.plist;
				INFOPLIST_KEY_UIApplicationSupportsIndirectInputEvents = YES;
				INFOPLIST_KEY_UILaunchStoryboardName = LaunchScreen;
				INFOPLIST_KEY_UIMainStoryboardFile = Main;
				INFOPLIST_KEY_UISupportedInterfaceOrientations_iPad = "UIInterfaceOrientationPortrait UIInterfaceOrientationPortraitUpsideDown UIInterfaceOrientationLandscapeLeft UIInterfaceOrientationLandscapeRight";
				INFOPLIST_KEY_UISupportedInterfaceOrientations_iPhone = "UIInterfaceOrientationPortrait UIInterfaceOrientationLandscapeLeft UIInterfaceOrientationLandscapeRight";
				LD_RUNPATH_SEARCH_PATHS = (
					"$(inherited)",
					"@executable_path/Frameworks",
				);
				MARKETING_VERSION = 1.0;
				PRODUCT_BUNDLE_IDENTIFIER = com.intg.NYTimes;
				PRODUCT_NAME = "$(TARGET_NAME)";
				SWIFT_EMIT_LOC_STRINGS = YES;
				SWIFT_VERSION = 5.0;
				TARGETED_DEVICE_FAMILY = "1,2";
			};
			name = Debug;
		};
		D09AD557286724DF00EA8207 /* Release */ = {
			isa = XCBuildConfiguration;
			baseConfigurationReference = B43DB070E623E63C46823640 /* Pods-NYTimes.release.xcconfig */;
			buildSettings = {
				ASSETCATALOG_COMPILER_APPICON_NAME = AppIcon;
				ASSETCATALOG_COMPILER_GLOBAL_ACCENT_COLOR_NAME = AccentColor;
				CODE_SIGN_STYLE = Automatic;
				CURRENT_PROJECT_VERSION = 1;
				DEVELOPMENT_TEAM = 6AFM8FNBAY;
				GENERATE_INFOPLIST_FILE = YES;
				INFOPLIST_FILE = NYTimes/Info.plist;
				INFOPLIST_KEY_UIApplicationSupportsIndirectInputEvents = YES;
				INFOPLIST_KEY_UILaunchStoryboardName = LaunchScreen;
				INFOPLIST_KEY_UIMainStoryboardFile = Main;
				INFOPLIST_KEY_UISupportedInterfaceOrientations_iPad = "UIInterfaceOrientationPortrait UIInterfaceOrientationPortraitUpsideDown UIInterfaceOrientationLandscapeLeft UIInterfaceOrientationLandscapeRight";
				INFOPLIST_KEY_UISupportedInterfaceOrientations_iPhone = "UIInterfaceOrientationPortrait UIInterfaceOrientationLandscapeLeft UIInterfaceOrientationLandscapeRight";
				LD_RUNPATH_SEARCH_PATHS = (
					"$(inherited)",
					"@executable_path/Frameworks",
				);
				MARKETING_VERSION = 1.0;
				PRODUCT_BUNDLE_IDENTIFIER = com.intg.NYTimes;
				PRODUCT_NAME = "$(TARGET_NAME)";
				SWIFT_EMIT_LOC_STRINGS = YES;
				SWIFT_VERSION = 5.0;
				TARGETED_DEVICE_FAMILY = "1,2";
			};
			name = Release;
		};
		D09AD559286724DF00EA8207 /* Debug */ = {
			isa = XCBuildConfiguration;
			baseConfigurationReference = 714A0ECDD1136CD268B549F6 /* Pods-NYTimesTests.debug.xcconfig */;
			buildSettings = {
				ALWAYS_EMBED_SWIFT_STANDARD_LIBRARIES = YES;
				BUNDLE_LOADER = "$(TEST_HOST)";
				CODE_SIGN_STYLE = Automatic;
				CURRENT_PROJECT_VERSION = 1;
				DEVELOPMENT_TEAM = 6AFM8FNBAY;
				GENERATE_INFOPLIST_FILE = YES;
				IPHONEOS_DEPLOYMENT_TARGET = 15.4;
				MARKETING_VERSION = 1.0;
				PRODUCT_BUNDLE_IDENTIFIER = com.intg.NYTimesTests;
				PRODUCT_NAME = "$(TARGET_NAME)";
				SWIFT_EMIT_LOC_STRINGS = NO;
				SWIFT_VERSION = 5.0;
				TARGETED_DEVICE_FAMILY = "1,2";
				TEST_HOST = "$(BUILT_PRODUCTS_DIR)/NYTimes.app/NYTimes";
			};
			name = Debug;
		};
		D09AD55A286724DF00EA8207 /* Release */ = {
			isa = XCBuildConfiguration;
			baseConfigurationReference = 109A32DD18DF15F51313FDC2 /* Pods-NYTimesTests.release.xcconfig */;
			buildSettings = {
				ALWAYS_EMBED_SWIFT_STANDARD_LIBRARIES = YES;
				BUNDLE_LOADER = "$(TEST_HOST)";
				CODE_SIGN_STYLE = Automatic;
				CURRENT_PROJECT_VERSION = 1;
				DEVELOPMENT_TEAM = 6AFM8FNBAY;
				GENERATE_INFOPLIST_FILE = YES;
				IPHONEOS_DEPLOYMENT_TARGET = 15.4;
				MARKETING_VERSION = 1.0;
				PRODUCT_BUNDLE_IDENTIFIER = com.intg.NYTimesTests;
				PRODUCT_NAME = "$(TARGET_NAME)";
				SWIFT_EMIT_LOC_STRINGS = NO;
				SWIFT_VERSION = 5.0;
				TARGETED_DEVICE_FAMILY = "1,2";
				TEST_HOST = "$(BUILT_PRODUCTS_DIR)/NYTimes.app/NYTimes";
			};
			name = Release;
		};
		D09AD55C286724DF00EA8207 /* Debug */ = {
			isa = XCBuildConfiguration;
			baseConfigurationReference = 5212BDC37A736B0B24E64A10 /* Pods-NYTimes-NYTimesUITests.debug.xcconfig */;
			buildSettings = {
				ALWAYS_EMBED_SWIFT_STANDARD_LIBRARIES = YES;
				CODE_SIGN_STYLE = Automatic;
				CURRENT_PROJECT_VERSION = 1;
				DEVELOPMENT_TEAM = 6AFM8FNBAY;
				GENERATE_INFOPLIST_FILE = YES;
				MARKETING_VERSION = 1.0;
				PRODUCT_BUNDLE_IDENTIFIER = com.intg.NYTimesUITests;
				PRODUCT_NAME = "$(TARGET_NAME)";
				SWIFT_EMIT_LOC_STRINGS = NO;
				SWIFT_VERSION = 5.0;
				TARGETED_DEVICE_FAMILY = "1,2";
				TEST_TARGET_NAME = NYTimes;
			};
			name = Debug;
		};
		D09AD55D286724DF00EA8207 /* Release */ = {
			isa = XCBuildConfiguration;
			baseConfigurationReference = 1E22100C0810059A30E2590A /* Pods-NYTimes-NYTimesUITests.release.xcconfig */;
			buildSettings = {
				ALWAYS_EMBED_SWIFT_STANDARD_LIBRARIES = YES;
				CODE_SIGN_STYLE = Automatic;
				CURRENT_PROJECT_VERSION = 1;
				DEVELOPMENT_TEAM = 6AFM8FNBAY;
				GENERATE_INFOPLIST_FILE = YES;
				MARKETING_VERSION = 1.0;
				PRODUCT_BUNDLE_IDENTIFIER = com.intg.NYTimesUITests;
				PRODUCT_NAME = "$(TARGET_NAME)";
				SWIFT_EMIT_LOC_STRINGS = NO;
				SWIFT_VERSION = 5.0;
				TARGETED_DEVICE_FAMILY = "1,2";
				TEST_TARGET_NAME = NYTimes;
			};
			name = Release;
		};
/* End XCBuildConfiguration section */

/* Begin XCConfigurationList section */
		D09AD526286724DD00EA8207 /* Build configuration list for PBXProject "NYTimes" */ = {
			isa = XCConfigurationList;
			buildConfigurations = (
				D09AD553286724DF00EA8207 /* Debug */,
				D09AD554286724DF00EA8207 /* Release */,
			);
			defaultConfigurationIsVisible = 0;
			defaultConfigurationName = Release;
		};
		D09AD555286724DF00EA8207 /* Build configuration list for PBXNativeTarget "NYTimes" */ = {
			isa = XCConfigurationList;
			buildConfigurations = (
				D09AD556286724DF00EA8207 /* Debug */,
				D09AD557286724DF00EA8207 /* Release */,
			);
			defaultConfigurationIsVisible = 0;
			defaultConfigurationName = Release;
		};
		D09AD558286724DF00EA8207 /* Build configuration list for PBXNativeTarget "NYTimesTests" */ = {
			isa = XCConfigurationList;
			buildConfigurations = (
				D09AD559286724DF00EA8207 /* Debug */,
				D09AD55A286724DF00EA8207 /* Release */,
			);
			defaultConfigurationIsVisible = 0;
			defaultConfigurationName = Release;
		};
		D09AD55B286724DF00EA8207 /* Build configuration list for PBXNativeTarget "NYTimesUITests" */ = {
			isa = XCConfigurationList;
			buildConfigurations = (
				D09AD55C286724DF00EA8207 /* Debug */,
				D09AD55D286724DF00EA8207 /* Release */,
			);
			defaultConfigurationIsVisible = 0;
			defaultConfigurationName = Release;
		};
/* End XCConfigurationList section */
	};
	rootObject = D09AD523286724DD00EA8207 /* Project object */;
}
